PODS:
  - SlideInPresentation (1.0.0)

DEPENDENCIES:
  - SlideInPresentation (from `./SlideInPresentation`)

EXTERNAL SOURCES:
  SlideInPresentation:
    :path: "./SlideInPresentation"

SPEC CHECKSUMS:
  SlideInPresentation: 97c128cdb036bf513b4ae9c1056d62b7bcc5073f

PODFILE CHECKSUM: d374c48a0b61e969556c6f41ccb8fd0c14be556f

COCOAPODS: 1.15.2
